
Microsoft Visual Studio Solution File, Format Version 11.00
# Visual Studio 2010
Project("{FAE04EC0-301F-11D3-BF4B-00C04F79EFBC}") = "yargitay", "yargitay\yargitay.csproj", "{FD368FBC-78D6-4668-8D33-E4AB3B4DDA8F}"
EndProject
Project("{54435603-DBB4-11D2-8724-00A0C9A8B90C}") = "Sanal Kütüphane Setup", "Setup1\Setup1.vdproj", "{51041F39-757A-4B77-A261-3D898AB3DBAE}"
EndProject
Global
	GlobalSection(SolutionConfigurationPlatforms) = preSolution
		Debug|x86 = Debug|x86
		Release|x86 = Release|x86
	EndGlobalSection
	GlobalSection(ProjectConfigurationPlatforms) = postSolution
		{FD368FBC-78D6-4668-8D33-E4AB3B4DDA8F}.Debug|x86.ActiveCfg = Debug|x86
		{FD368FBC-78D6-4668-8D33-E4AB3B4DDA8F}.Debug|x86.Build.0 = Debug|x86
		{FD368FBC-78D6-4668-8D33-E4AB3B4DDA8F}.Release|x86.ActiveCfg = Release|x86
		{FD368FBC-78D6-4668-8D33-E4AB3B4DDA8F}.Release|x86.Build.0 = Release|x86
		{51041F39-757A-4B77-A261-3D898AB3DBAE}.Debug|x86.ActiveCfg = Debug
		{51041F39-757A-4B77-A261-3D898AB3DBAE}.Debug|x86.Build.0 = Debug
		{51041F39-757A-4B77-A261-3D898AB3DBAE}.Release|x86.ActiveCfg = Release
	EndGlobalSection
	GlobalSection(SolutionProperties) = preSolution
		HideSolutionNode = FALSE
	EndGlobalSection
EndGlobal
